// !$*UTF8*$!
{
	archiveVersion = 1;
	classes = {
	};
	objectVersion = 46;
	objects = {

/* Begin PBXBuildFile section */
		C80E1A0F1D5B04C30099ADD9 /* movesemantics.cpp in Sources */ = {isa = PBXBuildFile; fileRef = C80E1A0D1D5B04C30099ADD9 /* movesemantics.cpp */; };
		C80E1A121D5B04D40099ADD9 /* smartpointers.cpp in Sources */ = {isa = PBXBuildFile; fileRef = C80E1A101D5B04D40099ADD9 /* smartpointers.cpp */; };
		C871A6181D5174C9001EC0FA /* main.cpp in Sources */ = {isa = PBXBuildFile; fileRef = C871A6171D5174C9001EC0FA /* main.cpp */; };
		C871A6201D517512001EC0FA /* mergesortedarrays.cpp in Sources */ = {isa = PBXBuildFile; fileRef = C871A61E1D517512001EC0FA /* mergesortedarrays.cpp */; };
		C8E548491D53F00F00008BA0 /* BST.cpp in Sources */ = {isa = PBXBuildFile; fileRef = C8E548471D53F00F00008BA0 /* BST.cpp */; };
		C8E5484D1D540A3200008BA0 /* q1_1.cpp in Sources */ = {isa = PBXBuildFile; fileRef = C8E5484B1D540A3200008BA0 /* q1_1.cpp */; };
		C8E548501D55226B00008BA0 /* MyHeapSort.cpp in Sources */ = {isa = PBXBuildFile; fileRef = C8E5484E1D55226B00008BA0 /* MyHeapSort.cpp */; };
		C8E548531D553E4300008BA0 /* q1_2.cpp in Sources */ = {isa = PBXBuildFile; fileRef = C8E548511D553E4300008BA0 /* q1_2.cpp */; };
		C8E548561D554C2800008BA0 /* q1_3.cpp in Sources */ = {isa = PBXBuildFile; fileRef = C8E548541D554C2800008BA0 /* q1_3.cpp */; };
		C8E548591D58FEB000008BA0 /* q1_5.cpp in Sources */ = {isa = PBXBuildFile; fileRef = C8E548571D58FEAF00008BA0 /* q1_5.cpp */; };
		C8E5485C1D5AB20600008BA0 /* linkedlist.cpp in Sources */ = {isa = PBXBuildFile; fileRef = C8E5485A1D5AB20600008BA0 /* linkedlist.cpp */; };
/* End PBXBuildFile section */

/* Begin PBXCopyFilesBuildPhase section */
		C871A6121D5174C9001EC0FA /* CopyFiles */ = {
			isa = PBXCopyFilesBuildPhase;
			buildActionMask = 2147483647;
			dstPath = /usr/share/man/man1/;
			dstSubfolderSpec = 0;
			files = (
			);
			runOnlyForDeploymentPostprocessing = 1;
		};
/* End PBXCopyFilesBuildPhase section */

/* Begin PBXFileReference section */
		C80E1A0D1D5B04C30099ADD9 /* movesemantics.cpp */ = {isa = PBXFileReference; fileEncoding = 4; lastKnownFileType = sourcecode.cpp.cpp; path = movesemantics.cpp; sourceTree = "<group>"; };
		C80E1A0E1D5B04C30099ADD9 /* movesemantics.hpp */ = {isa = PBXFileReference; fileEncoding = 4; lastKnownFileType = sourcecode.cpp.h; path = movesemantics.hpp; sourceTree = "<group>"; };
		C80E1A101D5B04D40099ADD9 /* smartpointers.cpp */ = {isa = PBXFileReference; fileEncoding = 4; lastKnownFileType = sourcecode.cpp.cpp; path = smartpointers.cpp; sourceTree = "<group>"; };
		C80E1A111D5B04D40099ADD9 /* smartpointers.hpp */ = {isa = PBXFileReference; fileEncoding = 4; lastKnownFileType = sourcecode.cpp.h; path = smartpointers.hpp; sourceTree = "<group>"; };
		C871A6141D5174C9001EC0FA /* cpplab */ = {isa = PBXFileReference; explicitFileType = "compiled.mach-o.executable"; includeInIndex = 0; path = cpplab; sourceTree = BUILT_PRODUCTS_DIR; };
		C871A6171D5174C9001EC0FA /* main.cpp */ = {isa = PBXFileReference; lastKnownFileType = sourcecode.cpp.cpp; path = main.cpp; sourceTree = "<group>"; };
		C871A61E1D517512001EC0FA /* mergesortedarrays.cpp */ = {isa = PBXFileReference; fileEncoding = 4; lastKnownFileType = sourcecode.cpp.cpp; path = mergesortedarrays.cpp; sourceTree = "<group>"; };
		C871A61F1D517512001EC0FA /* mergesortedarrays.hpp */ = {isa = PBXFileReference; fileEncoding = 4; lastKnownFileType = sourcecode.cpp.h; path = mergesortedarrays.hpp; sourceTree = "<group>"; };
		C8E548471D53F00F00008BA0 /* BST.cpp */ = {isa = PBXFileReference; fileEncoding = 4; lastKnownFileType = sourcecode.cpp.cpp; path = BST.cpp; sourceTree = "<group>"; };
		C8E548481D53F00F00008BA0 /* BST.hpp */ = {isa = PBXFileReference; fileEncoding = 4; lastKnownFileType = sourcecode.cpp.h; path = BST.hpp; sourceTree = "<group>"; };
		C8E5484B1D540A3200008BA0 /* q1_1.cpp */ = {isa = PBXFileReference; fileEncoding = 4; lastKnownFileType = sourcecode.cpp.cpp; path = q1_1.cpp; sourceTree = "<group>"; };
		C8E5484C1D540A3200008BA0 /* q1_1.hpp */ = {isa = PBXFileReference; fileEncoding = 4; lastKnownFileType = sourcecode.cpp.h; path = q1_1.hpp; sourceTree = "<group>"; };
		C8E5484E1D55226B00008BA0 /* MyHeapSort.cpp */ = {isa = PBXFileReference; fileEncoding = 4; lastKnownFileType = sourcecode.cpp.cpp; path = MyHeapSort.cpp; sourceTree = "<group>"; };
		C8E5484F1D55226B00008BA0 /* MyHeapSort.hpp */ = {isa = PBXFileReference; fileEncoding = 4; lastKnownFileType = sourcecode.cpp.h; path = MyHeapSort.hpp; sourceTree = "<group>"; };
		C8E548511D553E4300008BA0 /* q1_2.cpp */ = {isa = PBXFileReference; fileEncoding = 4; lastKnownFileType = sourcecode.cpp.cpp; path = q1_2.cpp; sourceTree = "<group>"; };
		C8E548521D553E4300008BA0 /* q1_2.hpp */ = {isa = PBXFileReference; fileEncoding = 4; lastKnownFileType = sourcecode.cpp.h; path = q1_2.hpp; sourceTree = "<group>"; };
		C8E548541D554C2800008BA0 /* q1_3.cpp */ = {isa = PBXFileReference; fileEncoding = 4; lastKnownFileType = sourcecode.cpp.cpp; path = q1_3.cpp; sourceTree = "<group>"; };
		C8E548551D554C2800008BA0 /* q1_3.hpp */ = {isa = PBXFileReference; fileEncoding = 4; lastKnownFileType = sourcecode.cpp.h; path = q1_3.hpp; sourceTree = "<group>"; };
		C8E548571D58FEAF00008BA0 /* q1_5.cpp */ = {isa = PBXFileReference; fileEncoding = 4; lastKnownFileType = sourcecode.cpp.cpp; path = q1_5.cpp; sourceTree = "<group>"; };
		C8E548581D58FEB000008BA0 /* q1_5.hpp */ = {isa = PBXFileReference; fileEncoding = 4; lastKnownFileType = sourcecode.cpp.h; path = q1_5.hpp; sourceTree = "<group>"; };
		C8E5485A1D5AB20600008BA0 /* linkedlist.cpp */ = {isa = PBXFileReference; fileEncoding = 4; lastKnownFileType = sourcecode.cpp.cpp; path = linkedlist.cpp; sourceTree = "<group>"; };
		C8E5485B1D5AB20600008BA0 /* linkedlist.hpp */ = {isa = PBXFileReference; fileEncoding = 4; lastKnownFileType = sourcecode.cpp.h; path = linkedlist.hpp; sourceTree = "<group>"; };
/* End PBXFileReference section */

/* Begin PBXFrameworksBuildPhase section */
		C871A6111D5174C9001EC0FA /* Frameworks */ = {
			isa = PBXFrameworksBuildPhase;
			buildActionMask = 2147483647;
			files = (
			);
			runOnlyForDeploymentPostprocessing = 0;
		};
/* End PBXFrameworksBuildPhase section */

/* Begin PBXGroup section */
		C80E1A0C1D5B04A10099ADD9 /* concepts */ = {
			isa = PBXGroup;
			children = (
				C80E1A0D1D5B04C30099ADD9 /* movesemantics.cpp */,
				C80E1A0E1D5B04C30099ADD9 /* movesemantics.hpp */,
				C80E1A101D5B04D40099ADD9 /* smartpointers.cpp */,
				C80E1A111D5B04D40099ADD9 /* smartpointers.hpp */,
			);
			name = concepts;
			sourceTree = "<group>";
		};
		C871A60B1D5174C9001EC0FA = {
			isa = PBXGroup;
			children = (
				C871A6161D5174C9001EC0FA /* cpplab */,
				C871A6151D5174C9001EC0FA /* Products */,
			);
			sourceTree = "<group>";
		};
		C871A6151D5174C9001EC0FA /* Products */ = {
			isa = PBXGroup;
			children = (
				C871A6141D5174C9001EC0FA /* cpplab */,
			);
			name = Products;
			sourceTree = "<group>";
		};
		C871A6161D5174C9001EC0FA /* cpplab */ = {
			isa = PBXGroup;
			children = (
				C80E1A0C1D5B04A10099ADD9 /* concepts */,
				C8E5484A1D540A1000008BA0 /* CCI */,
				C871A6171D5174C9001EC0FA /* main.cpp */,
				C871A61E1D517512001EC0FA /* mergesortedarrays.cpp */,
				C871A61F1D517512001EC0FA /* mergesortedarrays.hpp */,
				C8E548471D53F00F00008BA0 /* BST.cpp */,
				C8E548481D53F00F00008BA0 /* BST.hpp */,
				C8E5484E1D55226B00008BA0 /* MyHeapSort.cpp */,
				C8E5484F1D55226B00008BA0 /* MyHeapSort.hpp */,
				C8E5485A1D5AB20600008BA0 /* linkedlist.cpp */,
				C8E5485B1D5AB20600008BA0 /* linkedlist.hpp */,
			);
			path = cpplab;
			sourceTree = "<group>";
		};
		C8E5484A1D540A1000008BA0 /* CCI */ = {
			isa = PBXGroup;
			children = (
				C8E5484B1D540A3200008BA0 /* q1_1.cpp */,
				C8E5484C1D540A3200008BA0 /* q1_1.hpp */,
				C8E548511D553E4300008BA0 /* q1_2.cpp */,
				C8E548521D553E4300008BA0 /* q1_2.hpp */,
				C8E548541D554C2800008BA0 /* q1_3.cpp */,
				C8E548551D554C2800008BA0 /* q1_3.hpp */,
				C8E548571D58FEAF00008BA0 /* q1_5.cpp */,
				C8E548581D58FEB000008BA0 /* q1_5.hpp */,
			);
			name = CCI;
			sourceTree = "<group>";
		};
/* End PBXGroup section */

/* Begin PBXNativeTarget section */
		C871A6131D5174C9001EC0FA /* cpplab */ = {
			isa = PBXNativeTarget;
			buildConfigurationList = C871A61B1D5174C9001EC0FA /* Build configuration list for PBXNativeTarget "cpplab" */;
			buildPhases = (
				C871A6101D5174C9001EC0FA /* Sources */,
				C871A6111D5174C9001EC0FA /* Frameworks */,
				C871A6121D5174C9001EC0FA /* CopyFiles */,
			);
			buildRules = (
			);
			dependencies = (
			);
			name = cpplab;
			productName = cpplab;
			productReference = C871A6141D5174C9001EC0FA /* cpplab */;
			productType = "com.apple.product-type.tool";
		};
/* End PBXNativeTarget section */

/* Begin PBXProject section */
		C871A60C1D5174C9001EC0FA /* Project object */ = {
			isa = PBXProject;
			attributes = {
				LastUpgradeCheck = 0730;
				ORGANIZATIONNAME = "Saulo Tauil";
				TargetAttributes = {
					C871A6131D5174C9001EC0FA = {
						CreatedOnToolsVersion = 7.3.1;
					};
				};
			};
			buildConfigurationList = C871A60F1D5174C9001EC0FA /* Build configuration list for PBXProject "cpplab" */;
			compatibilityVersion = "Xcode 3.2";
			developmentRegion = English;
			hasScannedForEncodings = 0;
			knownRegions = (
				en,
			);
			mainGroup = C871A60B1D5174C9001EC0FA;
			productRefGroup = C871A6151D5174C9001EC0FA /* Products */;
			projectDirPath = "";
			projectRoot = "";
			targets = (
				C871A6131D5174C9001EC0FA /* cpplab */,
			);
		};
/* End PBXProject section */

/* Begin PBXSourcesBuildPhase section */
		C871A6101D5174C9001EC0FA /* Sources */ = {
			isa = PBXSourcesBuildPhase;
			buildActionMask = 2147483647;
			files = (
				C80E1A0F1D5B04C30099ADD9 /* movesemantics.cpp in Sources */,
				C8E5485C1D5AB20600008BA0 /* linkedlist.cpp in Sources */,
				C8E548491D53F00F00008BA0 /* BST.cpp in Sources */,
				C80E1A121D5B04D40099ADD9 /* smartpointers.cpp in Sources */,
				C871A6181D5174C9001EC0FA /* main.cpp in Sources */,
				C8E548561D554C2800008BA0 /* q1_3.cpp in Sources */,
				C8E548531D553E4300008BA0 /* q1_2.cpp in Sources */,
				C871A6201D517512001EC0FA /* mergesortedarrays.cpp in Sources */,
				C8E548501D55226B00008BA0 /* MyHeapSort.cpp in Sources */,
				C8E5484D1D540A3200008BA0 /* q1_1.cpp in Sources */,
				C8E548591D58FEB000008BA0 /* q1_5.cpp in Sources */,
			);
			runOnlyForDeploymentPostprocessing = 0;
		};
/* End PBXSourcesBuildPhase section */

/* Begin XCBuildConfiguration section */
		C871A6191D5174C9001EC0FA /* Debug */ = {
			isa = XCBuildConfiguration;
			buildSettings = {
				ALWAYS_SEARCH_USER_PATHS = NO;
				CLANG_ANALYZER_NONNULL = YES;
				CLANG_CXX_LANGUAGE_STANDARD = "gnu++0x";
				CLANG_CXX_LIBRARY = "libc++";
				CLANG_ENABLE_MODULES = YES;
				CLANG_ENABLE_OBJC_ARC = YES;
				CLANG_WARN_BOOL_CONVERSION = YES;
				CLANG_WARN_CONSTANT_CONVERSION = YES;
				CLANG_WARN_DIRECT_OBJC_ISA_USAGE = YES_ERROR;
				CLANG_WARN_EMPTY_BODY = YES;
				CLANG_WARN_ENUM_CONVERSION = YES;
				CLANG_WARN_INT_CONVERSION = YES;
				CLANG_WARN_OBJC_ROOT_CLASS = YES_ERROR;
				CLANG_WARN_UNREACHABLE_CODE = YES;
				CLANG_WARN__DUPLICATE_METHOD_MATCH = YES;
				CODE_SIGN_IDENTITY = "-";
				COPY_PHASE_STRIP = NO;
				DEBUG_INFORMATION_FORMAT = dwarf;
				ENABLE_STRICT_OBJC_MSGSEND = YES;
				ENABLE_TESTABILITY = YES;
				GCC_C_LANGUAGE_STANDARD = gnu99;
				GCC_DYNAMIC_NO_PIC = NO;
				GCC_NO_COMMON_BLOCKS = YES;
				GCC_OPTIMIZATION_LEVEL = 0;
				GCC_PREPROCESSOR_DEFINITIONS = (
					"DEBUG=1",
					"$(inherited)",
				);
				GCC_WARN_64_TO_32_BIT_CONVERSION = YES;
				GCC_WARN_ABOUT_RETURN_TYPE = YES_ERROR;
				GCC_WARN_UNDECLARED_SELECTOR = YES;
				GCC_WARN_UNINITIALIZED_AUTOS = YES_AGGRESSIVE;
				GCC_WARN_UNUSED_FUNCTION = YES;
				GCC_WARN_UNUSED_VARIABLE = YES;
				MACOSX_DEPLOYMENT_TARGET = 10.11;
				MTL_ENABLE_DEBUG_INFO = YES;
				ONLY_ACTIVE_ARCH = YES;
				SDKROOT = macosx;
			};
			name = Debug;
		};
		C871A61A1D5174C9001EC0FA /* Release */ = {
			isa = XCBuildConfiguration;
			buildSettings = {
				ALWAYS_SEARCH_USER_PATHS = NO;
				CLANG_ANALYZER_NONNULL = YES;
				CLANG_CXX_LANGUAGE_STANDARD = "gnu++0x";
				CLANG_CXX_LIBRARY = "libc++";
				CLANG_ENABLE_MODULES = YES;
				CLANG_ENABLE_OBJC_ARC = YES;
				CLANG_WARN_BOOL_CONVERSION = YES;
				CLANG_WARN_CONSTANT_CONVERSION = YES;
				CLANG_WARN_DIRECT_OBJC_ISA_USAGE = YES_ERROR;
				CLANG_WARN_EMPTY_BODY = YES;
				CLANG_WARN_ENUM_CONVERSION = YES;
				CLANG_WARN_INT_CONVERSION = YES;
				CLANG_WARN_OBJC_ROOT_CLASS = YES_ERROR;
				CLANG_WARN_UNREACHABLE_CODE = YES;
				CLANG_WARN__DUPLICATE_METHOD_MATCH = YES;
				CODE_SIGN_IDENTITY = "-";
				COPY_PHASE_STRIP = NO;
				DEBUG_INFORMATION_FORMAT = "dwarf-with-dsym";
				ENABLE_NS_ASSERTIONS = NO;
				ENABLE_STRICT_OBJC_MSGSEND = YES;
				GCC_C_LANGUAGE_STANDARD = gnu99;
				GCC_NO_COMMON_BLOCKS = YES;
				GCC_WARN_64_TO_32_BIT_CONVERSION = YES;
				GCC_WARN_ABOUT_RETURN_TYPE = YES_ERROR;
				GCC_WARN_UNDECLARED_SELECTOR = YES;
				GCC_WARN_UNINITIALIZED_AUTOS = YES_AGGRESSIVE;
				GCC_WARN_UNUSED_FUNCTION = YES;
				GCC_WARN_UNUSED_VARIABLE = YES;
				MACOSX_DEPLOYMENT_TARGET = 10.11;
				MTL_ENABLE_DEBUG_INFO = NO;
				SDKROOT = macosx;
			};
			name = Release;
		};
		C871A61C1D5174C9001EC0FA /* Debug */ = {
			isa = XCBuildConfiguration;
			buildSettings = {
				PRODUCT_NAME = "$(TARGET_NAME)";
			};
			name = Debug;
		};
		C871A61D1D5174C9001EC0FA /* Release */ = {
			isa = XCBuildConfiguration;
			buildSettings = {
				PRODUCT_NAME = "$(TARGET_NAME)";
			};
			name = Release;
		};
/* End XCBuildConfiguration section */

/* Begin XCConfigurationList section */
		C871A60F1D5174C9001EC0FA /* Build configuration list for PBXProject "cpplab" */ = {
			isa = XCConfigurationList;
			buildConfigurations = (
				C871A6191D5174C9001EC0FA /* Debug */,
				C871A61A1D5174C9001EC0FA /* Release */,
			);
			defaultConfigurationIsVisible = 0;
			defaultConfigurationName = Release;
		};
		C871A61B1D5174C9001EC0FA /* Build configuration list for PBXNativeTarget "cpplab" */ = {
			isa = XCConfigurationList;
			buildConfigurations = (
				C871A61C1D5174C9001EC0FA /* Debug */,
				C871A61D1D5174C9001EC0FA /* Release */,
			);
			defaultConfigurationIsVisible = 0;
			defaultConfigurationName = Release;
		};
/* End XCConfigurationList section */
	};
	rootObject = C871A60C1D5174C9001EC0FA /* Project object */;
}
